
Microsoft Visual Studio Solution File, Format Version 12.00
# Visual Studio 2013
VisualStudioVersion = 12.0.31101.0
MinimumVisualStudioVersion = 10.0.40219.1
Project("{FAE04EC0-301F-11D3-BF4B-00C04F79EFBC}") = "PriceMonitoringSystem", "PriceMonitoringSystem\PriceMonitoringSystem.csproj", "{AB520C00-7931-4BD7-A5EE-62730CF4E09E}"
EndProject
Global
	GlobalSection(SolutionConfigurationPlatforms) = preSolution
		Debug|Any CPU = Debug|Any CPU
		Release|Any CPU = Release|Any CPU
	EndGlobalSection
	GlobalSection(ProjectConfigurationPlatforms) = postSolution
		{AB520C00-7931-4BD7-A5EE-62730CF4E09E}.Debug|Any CPU.ActiveCfg = Debug|Any CPU
		{AB520C00-7931-4BD7-A5EE-62730CF4E09E}.Debug|Any CPU.Build.0 = Debug|Any CPU
		{AB520C00-7931-4BD7-A5EE-62730CF4E09E}.Release|Any CPU.ActiveCfg = Release|Any CPU
		{AB520C00-7931-4BD7-A5EE-62730CF4E09E}.Release|Any CPU.Build.0 = Release|Any CPU
	EndGlobalSection
	GlobalSection(SolutionProperties) = preSolution
		HideSolutionNode = FALSE
	EndGlobalSection
EndGlobal
